
Microsoft Visual Studio Solution File, Format Version 12.00
# Visual Studio Version 16
VisualStudioVersion = 16.0.31424.327
MinimumVisualStudioVersion = 10.0.40219.1
Project("{FAE04EC0-301F-11D3-BF4B-00C04F79EFBC}") = "ChainOfResponsibility", "ChainOfResponsibility\ChainOfResponsibility.csproj", "{156BACA2-25B5-4FCB-BAE7-146637006439}"
EndProject
Global
	GlobalSection(SolutionConfigurationPlatforms) = preSolution
		Debug|Any CPU = Debug|Any CPU
		Release|Any CPU = Release|Any CPU
	EndGlobalSection
	GlobalSection(ProjectConfigurationPlatforms) = postSolution
		{156BACA2-25B5-4FCB-BAE7-146637006439}.Debug|Any CPU.ActiveCfg = Debug|Any CPU
		{156BACA2-25B5-4FCB-BAE7-146637006439}.Debug|Any CPU.Build.0 = Debug|Any CPU
		{156BACA2-25B5-4FCB-BAE7-146637006439}.Release|Any CPU.ActiveCfg = Release|Any CPU
		{156BACA2-25B5-4FCB-BAE7-146637006439}.Release|Any CPU.Build.0 = Release|Any CPU
	EndGlobalSection
	GlobalSection(SolutionProperties) = preSolution
		HideSolutionNode = FALSE
	EndGlobalSection
	GlobalSection(ExtensibilityGlobals) = postSolution
		SolutionGuid = {9884B843-E9C3-405E-A52C-5E434081535A}
	EndGlobalSection
EndGlobal
